// !$*UTF8*$!
{
	archiveVersion = 1;
	classes = {
	};
	objectVersion = 46;
	objects = {

/* Begin PBXBuildFile section */
		1451683C1B4BF3140060495E /* AppDelegate.swift in Sources */ = {isa = PBXBuildFile; fileRef = 1451683B1B4BF3140060495E /* AppDelegate.swift */; };
		1451683F1B4BF3140060495E /* Africa.xcdatamodeld in Sources */ = {isa = PBXBuildFile; fileRef = 1451683D1B4BF3140060495E /* Africa.xcdatamodeld */; };
		145168411B4BF3140060495E /* ViewController.swift in Sources */ = {isa = PBXBuildFile; fileRef = 145168401B4BF3140060495E /* ViewController.swift */; };
		145168441B4BF3140060495E /* Main.storyboard in Resources */ = {isa = PBXBuildFile; fileRef = 145168421B4BF3140060495E /* Main.storyboard */; };
		145168461B4BF3140060495E /* Images.xcassets in Resources */ = {isa = PBXBuildFile; fileRef = 145168451B4BF3140060495E /* Images.xcassets */; };
		145168491B4BF3140060495E /* LaunchScreen.xib in Resources */ = {isa = PBXBuildFile; fileRef = 145168471B4BF3140060495E /* LaunchScreen.xib */; };
		145168551B4BF3140060495E /* AfricaTests.swift in Sources */ = {isa = PBXBuildFile; fileRef = 145168541B4BF3140060495E /* AfricaTests.swift */; };
		1451685F1B4C02CC0060495E /* GroupConfigurationsViewController.swift in Sources */ = {isa = PBXBuildFile; fileRef = 1451685E1B4C02CC0060495E /* GroupConfigurationsViewController.swift */; };
		145168611B4C084D0060495E /* WordsConfigurationViewController.swift in Sources */ = {isa = PBXBuildFile; fileRef = 145168601B4C084D0060495E /* WordsConfigurationViewController.swift */; };
		145168631B4C12600060495E /* CardComponent.swift in Sources */ = {isa = PBXBuildFile; fileRef = 145168621B4C12600060495E /* CardComponent.swift */; };
		9343EFD21B4BFCE3005F7E36 /* Game.swift in Sources */ = {isa = PBXBuildFile; fileRef = 9343EFD11B4BFCE3005F7E36 /* Game.swift */; };
		93445A711B4C1168009E0B42 /* GameViewController.swift in Sources */ = {isa = PBXBuildFile; fileRef = 93445A701B4C1168009E0B42 /* GameViewController.swift */; };
		936329361B553FF000232EA9 /* InsertLayout.swift in Sources */ = {isa = PBXBuildFile; fileRef = 936329351B553FF000232EA9 /* InsertLayout.swift */; };
		936DE9E61B5444F500EE2FBB /* InsertWordsViewController.swift in Sources */ = {isa = PBXBuildFile; fileRef = 936DE9E51B5444F500EE2FBB /* InsertWordsViewController.swift */; };
		93952B531B556AF90002221C /* CircleLayoutCell.swift in Sources */ = {isa = PBXBuildFile; fileRef = 93952B521B556AF90002221C /* CircleLayoutCell.swift */; };
		93952B551B5571EB0002221C /* InsertCell.swift in Sources */ = {isa = PBXBuildFile; fileRef = 93952B541B5571EB0002221C /* InsertCell.swift */; };
		93A529E31B4C14CE00DBA00E /* CircleLayout.m in Sources */ = {isa = PBXBuildFile; fileRef = 93A529E11B4C14CE00DBA00E /* CircleLayout.m */; };
/* End PBXBuildFile section */

/* Begin PBXContainerItemProxy section */
		1451684F1B4BF3140060495E /* PBXContainerItemProxy */ = {
			isa = PBXContainerItemProxy;
			containerPortal = 1451682E1B4BF3140060495E /* Project object */;
			proxyType = 1;
			remoteGlobalIDString = 145168351B4BF3140060495E;
			remoteInfo = Africa;
		};
/* End PBXContainerItemProxy section */

/* Begin PBXFileReference section */
		145168361B4BF3140060495E /* Africa.app */ = {isa = PBXFileReference; explicitFileType = wrapper.application; includeInIndex = 0; path = Africa.app; sourceTree = BUILT_PRODUCTS_DIR; };
		1451683A1B4BF3140060495E /* Info.plist */ = {isa = PBXFileReference; lastKnownFileType = text.plist.xml; path = Info.plist; sourceTree = "<group>"; };
		1451683B1B4BF3140060495E /* AppDelegate.swift */ = {isa = PBXFileReference; lastKnownFileType = sourcecode.swift; path = AppDelegate.swift; sourceTree = "<group>"; };
		1451683E1B4BF3140060495E /* Africa.xcdatamodel */ = {isa = PBXFileReference; lastKnownFileType = wrapper.xcdatamodel; path = Africa.xcdatamodel; sourceTree = "<group>"; };
		145168401B4BF3140060495E /* ViewController.swift */ = {isa = PBXFileReference; lastKnownFileType = sourcecode.swift; path = ViewController.swift; sourceTree = "<group>"; };
		145168431B4BF3140060495E /* Base */ = {isa = PBXFileReference; lastKnownFileType = file.storyboard; name = Base; path = Base.lproj/Main.storyboard; sourceTree = "<group>"; };
		145168451B4BF3140060495E /* Images.xcassets */ = {isa = PBXFileReference; lastKnownFileType = folder.assetcatalog; path = Images.xcassets; sourceTree = "<group>"; };
		145168481B4BF3140060495E /* Base */ = {isa = PBXFileReference; lastKnownFileType = file.xib; name = Base; path = Base.lproj/LaunchScreen.xib; sourceTree = "<group>"; };
		1451684E1B4BF3140060495E /* AfricaTests.xctest */ = {isa = PBXFileReference; explicitFileType = wrapper.cfbundle; includeInIndex = 0; path = AfricaTests.xctest; sourceTree = BUILT_PRODUCTS_DIR; };
		145168531B4BF3140060495E /* Info.plist */ = {isa = PBXFileReference; lastKnownFileType = text.plist.xml; path = Info.plist; sourceTree = "<group>"; };
		145168541B4BF3140060495E /* AfricaTests.swift */ = {isa = PBXFileReference; lastKnownFileType = sourcecode.swift; path = AfricaTests.swift; sourceTree = "<group>"; };
		1451685E1B4C02CC0060495E /* GroupConfigurationsViewController.swift */ = {isa = PBXFileReference; fileEncoding = 4; lastKnownFileType = sourcecode.swift; path = GroupConfigurationsViewController.swift; sourceTree = "<group>"; };
		145168601B4C084D0060495E /* WordsConfigurationViewController.swift */ = {isa = PBXFileReference; fileEncoding = 4; lastKnownFileType = sourcecode.swift; path = WordsConfigurationViewController.swift; sourceTree = "<group>"; };
		145168621B4C12600060495E /* CardComponent.swift */ = {isa = PBXFileReference; fileEncoding = 4; lastKnownFileType = sourcecode.swift; path = CardComponent.swift; sourceTree = "<group>"; };
		9343EFD11B4BFCE3005F7E36 /* Game.swift */ = {isa = PBXFileReference; fileEncoding = 4; lastKnownFileType = sourcecode.swift; path = Game.swift; sourceTree = "<group>"; };
		93445A701B4C1168009E0B42 /* GameViewController.swift */ = {isa = PBXFileReference; fileEncoding = 4; lastKnownFileType = sourcecode.swift; path = GameViewController.swift; sourceTree = "<group>"; };
		936329351B553FF000232EA9 /* InsertLayout.swift */ = {isa = PBXFileReference; fileEncoding = 4; lastKnownFileType = sourcecode.swift; path = InsertLayout.swift; sourceTree = "<group>"; };
		936DE9E51B5444F500EE2FBB /* InsertWordsViewController.swift */ = {isa = PBXFileReference; fileEncoding = 4; lastKnownFileType = sourcecode.swift; name = InsertWordsViewController.swift; path = Africa.xcodeproj/../InsertWordsViewController.swift; sourceTree = SOURCE_ROOT; };
		93952B521B556AF90002221C /* CircleLayoutCell.swift */ = {isa = PBXFileReference; fileEncoding = 4; lastKnownFileType = sourcecode.swift; path = CircleLayoutCell.swift; sourceTree = "<group>"; };
		93952B541B5571EB0002221C /* InsertCell.swift */ = {isa = PBXFileReference; fileEncoding = 4; lastKnownFileType = sourcecode.swift; name = InsertCell.swift; path = Africa.xcodeproj/../InsertCell.swift; sourceTree = SOURCE_ROOT; };
		93A529DD1B4C14CD00DBA00E /* Africa-Bridging-Header.h */ = {isa = PBXFileReference; lastKnownFileType = sourcecode.c.h; path = "Africa-Bridging-Header.h"; sourceTree = "<group>"; };
		93A529E01B4C14CE00DBA00E /* CircleLayout.h */ = {isa = PBXFileReference; fileEncoding = 4; lastKnownFileType = sourcecode.c.h; path = CircleLayout.h; sourceTree = "<group>"; };
		93A529E11B4C14CE00DBA00E /* CircleLayout.m */ = {isa = PBXFileReference; fileEncoding = 4; lastKnownFileType = sourcecode.c.objc; path = CircleLayout.m; sourceTree = "<group>"; };
/* End PBXFileReference section */

/* Begin PBXFrameworksBuildPhase section */
		145168331B4BF3140060495E /* Frameworks */ = {
			isa = PBXFrameworksBuildPhase;
			buildActionMask = 2147483647;
			files = (
			);
			runOnlyForDeploymentPostprocessing = 0;
		};
		1451684B1B4BF3140060495E /* Frameworks */ = {
			isa = PBXFrameworksBuildPhase;
			buildActionMask = 2147483647;
			files = (
			);
			runOnlyForDeploymentPostprocessing = 0;
		};
/* End PBXFrameworksBuildPhase section */

/* Begin PBXGroup section */
		1451682D1B4BF3140060495E = {
			isa = PBXGroup;
			children = (
				145168381B4BF3140060495E /* Africa */,
				145168511B4BF3140060495E /* AfricaTests */,
				145168371B4BF3140060495E /* Products */,
			);
			sourceTree = "<group>";
		};
		145168371B4BF3140060495E /* Products */ = {
			isa = PBXGroup;
			children = (
				145168361B4BF3140060495E /* Africa.app */,
				1451684E1B4BF3140060495E /* AfricaTests.xctest */,
			);
			name = Products;
			sourceTree = "<group>";
		};
		145168381B4BF3140060495E /* Africa */ = {
			isa = PBXGroup;
			children = (
				9343EFD01B4BFC6A005F7E36 /* Model */,
				9343EFCF1B4BFC62005F7E36 /* Controller */,
				1451683B1B4BF3140060495E /* AppDelegate.swift */,
				145168421B4BF3140060495E /* Main.storyboard */,
				145168451B4BF3140060495E /* Images.xcassets */,
				145168471B4BF3140060495E /* LaunchScreen.xib */,
				1451683D1B4BF3140060495E /* Africa.xcdatamodeld */,
				145168391B4BF3140060495E /* Supporting Files */,
			);
			path = Africa;
			sourceTree = "<group>";
		};
		145168391B4BF3140060495E /* Supporting Files */ = {
			isa = PBXGroup;
			children = (
				93A529DD1B4C14CD00DBA00E /* Africa-Bridging-Header.h */,
				1451683A1B4BF3140060495E /* Info.plist */,
			);
			name = "Supporting Files";
			sourceTree = "<group>";
		};
		145168511B4BF3140060495E /* AfricaTests */ = {
			isa = PBXGroup;
			children = (
				145168541B4BF3140060495E /* AfricaTests.swift */,
				145168521B4BF3140060495E /* Supporting Files */,
			);
			path = AfricaTests;
			sourceTree = "<group>";
		};
		145168521B4BF3140060495E /* Supporting Files */ = {
			isa = PBXGroup;
			children = (
				145168531B4BF3140060495E /* Info.plist */,
			);
			name = "Supporting Files";
			sourceTree = "<group>";
		};
		9343EFCF1B4BFC62005F7E36 /* Controller */ = {
			isa = PBXGroup;
			children = (
				145168401B4BF3140060495E /* ViewController.swift */,
				1451685E1B4C02CC0060495E /* GroupConfigurationsViewController.swift */,
				145168601B4C084D0060495E /* WordsConfigurationViewController.swift */,
				936DE9E51B5444F500EE2FBB /* InsertWordsViewController.swift */,
				93445A701B4C1168009E0B42 /* GameViewController.swift */,
			);
			name = Controller;
			sourceTree = "<group>";
		};
		9343EFD01B4BFC6A005F7E36 /* Model */ = {
			isa = PBXGroup;
			children = (
				93A529DC1B4C14B400DBA00E /* Circle Layout */,
				9343EFD11B4BFCE3005F7E36 /* Game.swift */,
				145168621B4C12600060495E /* CardComponent.swift */,
				936329351B553FF000232EA9 /* InsertLayout.swift */,
				93952B541B5571EB0002221C /* InsertCell.swift */,
			);
			name = Model;
			sourceTree = "<group>";
		};
		93A529DC1B4C14B400DBA00E /* Circle Layout */ = {
			isa = PBXGroup;
			children = (
				93952B521B556AF90002221C /* CircleLayoutCell.swift */,
				93A529E01B4C14CE00DBA00E /* CircleLayout.h */,
				93A529E11B4C14CE00DBA00E /* CircleLayout.m */,
			);
			name = "Circle Layout";
			sourceTree = "<group>";
		};
/* End PBXGroup section */

/* Begin PBXNativeTarget section */
		145168351B4BF3140060495E /* Africa */ = {
			isa = PBXNativeTarget;
			buildConfigurationList = 145168581B4BF3140060495E /* Build configuration list for PBXNativeTarget "Africa" */;
			buildPhases = (
				145168321B4BF3140060495E /* Sources */,
				145168331B4BF3140060495E /* Frameworks */,
				145168341B4BF3140060495E /* Resources */,
			);
			buildRules = (
			);
			dependencies = (
			);
			name = Africa;
			productName = Africa;
			productReference = 145168361B4BF3140060495E /* Africa.app */;
			productType = "com.apple.product-type.application";
		};
		1451684D1B4BF3140060495E /* AfricaTests */ = {
			isa = PBXNativeTarget;
			buildConfigurationList = 1451685B1B4BF3140060495E /* Build configuration list for PBXNativeTarget "AfricaTests" */;
			buildPhases = (
				1451684A1B4BF3140060495E /* Sources */,
				1451684B1B4BF3140060495E /* Frameworks */,
				1451684C1B4BF3140060495E /* Resources */,
			);
			buildRules = (
			);
			dependencies = (
				145168501B4BF3140060495E /* PBXTargetDependency */,
			);
			name = AfricaTests;
			productName = AfricaTests;
			productReference = 1451684E1B4BF3140060495E /* AfricaTests.xctest */;
			productType = "com.apple.product-type.bundle.unit-test";
		};
/* End PBXNativeTarget section */

/* Begin PBXProject section */
		1451682E1B4BF3140060495E /* Project object */ = {
			isa = PBXProject;
			attributes = {
				LastSwiftUpdateCheck = 0700;
				LastUpgradeCheck = 0640;
				ORGANIZATIONNAME = "Arthur Alvarez";
				TargetAttributes = {
					145168351B4BF3140060495E = {
						CreatedOnToolsVersion = 6.4;
					};
					1451684D1B4BF3140060495E = {
						CreatedOnToolsVersion = 6.4;
						TestTargetID = 145168351B4BF3140060495E;
					};
				};
			};
			buildConfigurationList = 145168311B4BF3140060495E /* Build configuration list for PBXProject "Africa" */;
			compatibilityVersion = "Xcode 3.2";
			developmentRegion = English;
			hasScannedForEncodings = 0;
			knownRegions = (
				en,
				Base,
			);
			mainGroup = 1451682D1B4BF3140060495E;
			productRefGroup = 145168371B4BF3140060495E /* Products */;
			projectDirPath = "";
			projectRoot = "";
			targets = (
				145168351B4BF3140060495E /* Africa */,
				1451684D1B4BF3140060495E /* AfricaTests */,
			);
		};
/* End PBXProject section */

/* Begin PBXResourcesBuildPhase section */
		145168341B4BF3140060495E /* Resources */ = {
			isa = PBXResourcesBuildPhase;
			buildActionMask = 2147483647;
			files = (
				145168441B4BF3140060495E /* Main.storyboard in Resources */,
				145168491B4BF3140060495E /* LaunchScreen.xib in Resources */,
				145168461B4BF3140060495E /* Images.xcassets in Resources */,
			);
			runOnlyForDeploymentPostprocessing = 0;
		};
		1451684C1B4BF3140060495E /* Resources */ = {
			isa = PBXResourcesBuildPhase;
			buildActionMask = 2147483647;
			files = (
			);
			runOnlyForDeploymentPostprocessing = 0;
		};
/* End PBXResourcesBuildPhase section */

/* Begin PBXSourcesBuildPhase section */
		145168321B4BF3140060495E /* Sources */ = {
			isa = PBXSourcesBuildPhase;
			buildActionMask = 2147483647;
			files = (
				93A529E31B4C14CE00DBA00E /* CircleLayout.m in Sources */,
				93445A711B4C1168009E0B42 /* GameViewController.swift in Sources */,
				936DE9E61B5444F500EE2FBB /* InsertWordsViewController.swift in Sources */,
				145168611B4C084D0060495E /* WordsConfigurationViewController.swift in Sources */,
				936329361B553FF000232EA9 /* InsertLayout.swift in Sources */,
				145168411B4BF3140060495E /* ViewController.swift in Sources */,
				1451685F1B4C02CC0060495E /* GroupConfigurationsViewController.swift in Sources */,
				145168631B4C12600060495E /* CardComponent.swift in Sources */,
				93952B551B5571EB0002221C /* InsertCell.swift in Sources */,
				1451683C1B4BF3140060495E /* AppDelegate.swift in Sources */,
				93952B531B556AF90002221C /* CircleLayoutCell.swift in Sources */,
				1451683F1B4BF3140060495E /* Africa.xcdatamodeld in Sources */,
				9343EFD21B4BFCE3005F7E36 /* Game.swift in Sources */,
			);
			runOnlyForDeploymentPostprocessing = 0;
		};
		1451684A1B4BF3140060495E /* Sources */ = {
			isa = PBXSourcesBuildPhase;
			buildActionMask = 2147483647;
			files = (
				145168551B4BF3140060495E /* AfricaTests.swift in Sources */,
			);
			runOnlyForDeploymentPostprocessing = 0;
		};
/* End PBXSourcesBuildPhase section */

/* Begin PBXTargetDependency section */
		145168501B4BF3140060495E /* PBXTargetDependency */ = {
			isa = PBXTargetDependency;
			target = 145168351B4BF3140060495E /* Africa */;
			targetProxy = 1451684F1B4BF3140060495E /* PBXContainerItemProxy */;
		};
/* End PBXTargetDependency section */

/* Begin PBXVariantGroup section */
		145168421B4BF3140060495E /* Main.storyboard */ = {
			isa = PBXVariantGroup;
			children = (
				145168431B4BF3140060495E /* Base */,
			);
			name = Main.storyboard;
			sourceTree = "<group>";
		};
		145168471B4BF3140060495E /* LaunchScreen.xib */ = {
			isa = PBXVariantGroup;
			children = (
				145168481B4BF3140060495E /* Base */,
			);
			name = LaunchScreen.xib;
			sourceTree = "<group>";
		};
/* End PBXVariantGroup section */

/* Begin XCBuildConfiguration section */
		145168561B4BF3140060495E /* Debug */ = {
			isa = XCBuildConfiguration;
			buildSettings = {
				ALWAYS_SEARCH_USER_PATHS = NO;
				CLANG_CXX_LANGUAGE_STANDARD = "gnu++0x";
				CLANG_CXX_LIBRARY = "libc++";
				CLANG_ENABLE_MODULES = YES;
				CLANG_ENABLE_OBJC_ARC = YES;
				CLANG_WARN_BOOL_CONVERSION = YES;
				CLANG_WARN_CONSTANT_CONVERSION = YES;
				CLANG_WARN_DIRECT_OBJC_ISA_USAGE = YES_ERROR;
				CLANG_WARN_EMPTY_BODY = YES;
				CLANG_WARN_ENUM_CONVERSION = YES;
				CLANG_WARN_INT_CONVERSION = YES;
				CLANG_WARN_OBJC_ROOT_CLASS = YES_ERROR;
				CLANG_WARN_UNREACHABLE_CODE = YES;
				CLANG_WARN__DUPLICATE_METHOD_MATCH = YES;
				"CODE_SIGN_IDENTITY[sdk=iphoneos*]" = "iPhone Developer";
				COPY_PHASE_STRIP = NO;
				DEBUG_INFORMATION_FORMAT = "dwarf-with-dsym";
				DEFINES_MODULE = YES;
				EMBEDDED_CONTENT_CONTAINS_SWIFT = YES;
				ENABLE_STRICT_OBJC_MSGSEND = YES;
				GCC_C_LANGUAGE_STANDARD = gnu99;
				GCC_DYNAMIC_NO_PIC = NO;
				GCC_NO_COMMON_BLOCKS = YES;
				GCC_OPTIMIZATION_LEVEL = 0;
				GCC_PREPROCESSOR_DEFINITIONS = (
					"DEBUG=1",
					"$(inherited)",
				);
				GCC_SYMBOLS_PRIVATE_EXTERN = NO;
				GCC_WARN_64_TO_32_BIT_CONVERSION = YES;
				GCC_WARN_ABOUT_RETURN_TYPE = YES_ERROR;
				GCC_WARN_UNDECLARED_SELECTOR = YES;
				GCC_WARN_UNINITIALIZED_AUTOS = YES_AGGRESSIVE;
				GCC_WARN_UNUSED_FUNCTION = YES;
				GCC_WARN_UNUSED_VARIABLE = YES;
				IPHONEOS_DEPLOYMENT_TARGET = 8.4;
				MTL_ENABLE_DEBUG_INFO = YES;
				ONLY_ACTIVE_ARCH = YES;
				PRODUCT_MODULE_NAME = Africa;
				SDKROOT = iphoneos;
				SWIFT_OBJC_BRIDGING_HEADER = "";
				SWIFT_OPTIMIZATION_LEVEL = "-Onone";
			};
			name = Debug;
		};
		145168571B4BF3140060495E /* Release */ = {
			isa = XCBuildConfiguration;
			buildSettings = {
				ALWAYS_SEARCH_USER_PATHS = NO;
				CLANG_CXX_LANGUAGE_STANDARD = "gnu++0x";
				CLANG_CXX_LIBRARY = "libc++";
				CLANG_ENABLE_MODULES = YES;
				CLANG_ENABLE_OBJC_ARC = YES;
				CLANG_WARN_BOOL_CONVERSION = YES;
				CLANG_WARN_CONSTANT_CONVERSION = YES;
				CLANG_WARN_DIRECT_OBJC_ISA_USAGE = YES_ERROR;
				CLANG_WARN_EMPTY_BODY = YES;
				CLANG_WARN_ENUM_CONVERSION = YES;
				CLANG_WARN_INT_CONVERSION = YES;
				CLANG_WARN_OBJC_ROOT_CLASS = YES_ERROR;
				CLANG_WARN_UNREACHABLE_CODE = YES;
				CLANG_WARN__DUPLICATE_METHOD_MATCH = YES;
				"CODE_SIGN_IDENTITY[sdk=iphoneos*]" = "iPhone Developer";
				COPY_PHASE_STRIP = NO;
				DEBUG_INFORMATION_FORMAT = "dwarf-with-dsym";
				DEFINES_MODULE = YES;
				EMBEDDED_CONTENT_CONTAINS_SWIFT = YES;
				ENABLE_NS_ASSERTIONS = NO;
				ENABLE_STRICT_OBJC_MSGSEND = YES;
				GCC_C_LANGUAGE_STANDARD = gnu99;
				GCC_NO_COMMON_BLOCKS = YES;
				GCC_WARN_64_TO_32_BIT_CONVERSION = YES;
				GCC_WARN_ABOUT_RETURN_TYPE = YES_ERROR;
				GCC_WARN_UNDECLARED_SELECTOR = YES;
				GCC_WARN_UNINITIALIZED_AUTOS = YES_AGGRESSIVE;
				GCC_WARN_UNUSED_FUNCTION = YES;
				GCC_WARN_UNUSED_VARIABLE = YES;
				IPHONEOS_DEPLOYMENT_TARGET = 8.4;
				MTL_ENABLE_DEBUG_INFO = NO;
				PRODUCT_MODULE_NAME = Africa;
				SDKROOT = iphoneos;
				SWIFT_OBJC_BRIDGING_HEADER = "";
				VALIDATE_PRODUCT = YES;
			};
			name = Release;
		};
		145168591B4BF3140060495E /* Debug */ = {
			isa = XCBuildConfiguration;
			buildSettings = {
				ASSETCATALOG_COMPILER_APPICON_NAME = AppIcon;
				CLANG_ENABLE_MODULES = YES;
				INFOPLIST_FILE = Africa/Info.plist;
				LD_RUNPATH_SEARCH_PATHS = "$(inherited) @executable_path/Frameworks";
				PRODUCT_NAME = "$(TARGET_NAME)";
				SWIFT_OBJC_BRIDGING_HEADER = "Africa/Africa-Bridging-Header.h";
				SWIFT_OPTIMIZATION_LEVEL = "-Onone";
			};
			name = Debug;
		};
		1451685A1B4BF3140060495E /* Release */ = {
			isa = XCBuildConfiguration;
			buildSettings = {
				ASSETCATALOG_COMPILER_APPICON_NAME = AppIcon;
				CLANG_ENABLE_MODULES = YES;
				INFOPLIST_FILE = Africa/Info.plist;
				LD_RUNPATH_SEARCH_PATHS = "$(inherited) @executable_path/Frameworks";
				PRODUCT_NAME = "$(TARGET_NAME)";
				SWIFT_OBJC_BRIDGING_HEADER = "Africa/Africa-Bridging-Header.h";
			};
			name = Release;
		};
		1451685C1B4BF3140060495E /* Debug */ = {
			isa = XCBuildConfiguration;
			buildSettings = {
				BUNDLE_LOADER = "$(TEST_HOST)";
				FRAMEWORK_SEARCH_PATHS = (
					"$(SDKROOT)/Developer/Library/Frameworks",
					"$(inherited)",
				);
				GCC_PREPROCESSOR_DEFINITIONS = (
					"DEBUG=1",
					"$(inherited)",
				);
				INFOPLIST_FILE = AfricaTests/Info.plist;
				LD_RUNPATH_SEARCH_PATHS = "$(inherited) @executable_path/Frameworks @loader_path/Frameworks";
				PRODUCT_NAME = "$(TARGET_NAME)";
				TEST_HOST = "$(BUILT_PRODUCTS_DIR)/Africa.app/Africa";
			};
			name = Debug;
		};
		1451685D1B4BF3140060495E /* Release */ = {
			isa = XCBuildConfiguration;
			buildSettings = {
				BUNDLE_LOADER = "$(TEST_HOST)";
				FRAMEWORK_SEARCH_PATHS = (
					"$(SDKROOT)/Developer/Library/Frameworks",
					"$(inherited)",
				);
				INFOPLIST_FILE = AfricaTests/Info.plist;
				LD_RUNPATH_SEARCH_PATHS = "$(inherited) @executable_path/Frameworks @loader_path/Frameworks";
				PRODUCT_NAME = "$(TARGET_NAME)";
				TEST_HOST = "$(BUILT_PRODUCTS_DIR)/Africa.app/Africa";
			};
			name = Release;
		};
/* End XCBuildConfiguration section */

/* Begin XCConfigurationList section */
		145168311B4BF3140060495E /* Build configuration list for PBXProject "Africa" */ = {
			isa = XCConfigurationList;
			buildConfigurations = (
				145168561B4BF3140060495E /* Debug */,
				145168571B4BF3140060495E /* Release */,
			);
			defaultConfigurationIsVisible = 0;
			defaultConfigurationName = Release;
		};
		145168581B4BF3140060495E /* Build configuration list for PBXNativeTarget "Africa" */ = {
			isa = XCConfigurationList;
			buildConfigurations = (
				145168591B4BF3140060495E /* Debug */,
				1451685A1B4BF3140060495E /* Release */,
			);
			defaultConfigurationIsVisible = 0;
			defaultConfigurationName = Release;
		};
		1451685B1B4BF3140060495E /* Build configuration list for PBXNativeTarget "AfricaTests" */ = {
			isa = XCConfigurationList;
			buildConfigurations = (
				1451685C1B4BF3140060495E /* Debug */,
				1451685D1B4BF3140060495E /* Release */,
			);
			defaultConfigurationIsVisible = 0;
			defaultConfigurationName = Release;
		};
/* End XCConfigurationList section */

/* Begin XCVersionGroup section */
		1451683D1B4BF3140060495E /* Africa.xcdatamodeld */ = {
			isa = XCVersionGroup;
			children = (
				1451683E1B4BF3140060495E /* Africa.xcdatamodel */,
			);
			currentVersion = 1451683E1B4BF3140060495E /* Africa.xcdatamodel */;
			path = Africa.xcdatamodeld;
			sourceTree = "<group>";
			versionGroupType = wrapper.xcdatamodel;
		};
/* End XCVersionGroup section */
	};
	rootObject = 1451682E1B4BF3140060495E /* Project object */;
}
